
Microsoft Visual Studio Solution File, Format Version 12.00
# Visual Studio Version 17
VisualStudioVersion = 17.0.32014.148
MinimumVisualStudioVersion = 10.0.40219.1
Project("{9A19103F-16F7-4668-BE54-9A1E7A4F7556}") = "PKX-IconGen.AvaloniaUI", "PKX-IconGen.AvaloniaUI\PKX-IconGen.AvaloniaUI.csproj", "{404F39E4-1B08-4685-ABA1-C2220138AEA4}"
	ProjectSection(ProjectDependencies) = postProject
		{56B429C5-1BE6-4786-883E-5F58395F9CF5} = {56B429C5-1BE6-4786-883E-5F58395F9CF5}
	EndProjectSection
EndProject
Project("{9A19103F-16F7-4668-BE54-9A1E7A4F7556}") = "PKX-IconGen.Core", "PKX-IconGen.Core\PKX-IconGen.Core.csproj", "{56B429C5-1BE6-4786-883E-5F58395F9CF5}"
EndProject
Global
	GlobalSection(SolutionConfigurationPlatforms) = preSolution
		Debug|Any CPU = Debug|Any CPU
		Release|Any CPU = Release|Any CPU
	EndGlobalSection
	GlobalSection(ProjectConfigurationPlatforms) = postSolution
		{404F39E4-1B08-4685-ABA1-C2220138AEA4}.Debug|Any CPU.ActiveCfg = Debug|Any CPU
		{404F39E4-1B08-4685-ABA1-C2220138AEA4}.Debug|Any CPU.Build.0 = Debug|Any CPU
		{404F39E4-1B08-4685-ABA1-C2220138AEA4}.Release|Any CPU.ActiveCfg = Release|Any CPU
		{404F39E4-1B08-4685-ABA1-C2220138AEA4}.Release|Any CPU.Build.0 = Release|Any CPU
		{56B429C5-1BE6-4786-883E-5F58395F9CF5}.Debug|Any CPU.ActiveCfg = Debug|Any CPU
		{56B429C5-1BE6-4786-883E-5F58395F9CF5}.Debug|Any CPU.Build.0 = Debug|Any CPU
		{56B429C5-1BE6-4786-883E-5F58395F9CF5}.Release|Any CPU.ActiveCfg = Release|Any CPU
		{56B429C5-1BE6-4786-883E-5F58395F9CF5}.Release|Any CPU.Build.0 = Release|Any CPU
	EndGlobalSection
	GlobalSection(SolutionProperties) = preSolution
		HideSolutionNode = FALSE
	EndGlobalSection
	GlobalSection(ExtensibilityGlobals) = postSolution
		SolutionGuid = {61A6F0D8-71DA-49EC-90B1-60AD161855D1}
	EndGlobalSection
EndGlobal
